
Microsoft Visual Studio Solution File, Format Version 12.00
# Visual Studio Version 17
VisualStudioVersion = 17.0.31903.59
MinimumVisualStudioVersion = 10.0.40219.1
Project("{9A19103F-16F7-4668-BE54-9A1E7A4F7556}") = "DemoBlazorServer", "DemoBlazorServer\DemoBlazorServer.csproj", "{31D2B1CA-1FEA-4788-95AF-935DDAB7BEE8}"
EndProject
Project("{2150E333-8FDC-42A3-9474-1A3956D46DE8}") = "DemoBlazorWebAssembly", "DemoBlazorWebAssembly", "{D6B50AEC-9ECE-4CC3-8726-644B2394A17B}"
EndProject
Project("{9A19103F-16F7-4668-BE54-9A1E7A4F7556}") = "DemoBlazorWebAssembly.Client", "DemoBlazorWebAssembly\Client\DemoBlazorWebAssembly.Client.csproj", "{419AE5D5-1E76-47F0-AB3D-D2CA7F5CD4F1}"
EndProject
Project("{9A19103F-16F7-4668-BE54-9A1E7A4F7556}") = "DemoBlazorWebAssembly.Server", "DemoBlazorWebAssembly\Server\DemoBlazorWebAssembly.Server.csproj", "{AE7BBA1A-7C13-46E0-9B1D-267F1BD23F26}"
EndProject
Project("{9A19103F-16F7-4668-BE54-9A1E7A4F7556}") = "DemoBlazorWebAssembly.Shared", "DemoBlazorWebAssembly\Shared\DemoBlazorWebAssembly.Shared.csproj", "{199DA9D9-5181-4D82-AF3B-107155E6A4B3}"
EndProject
Project("{9A19103F-16F7-4668-BE54-9A1E7A4F7556}") = "DemoMinimalAPI", "DemoMinimalAPI\DemoMinimalAPI.csproj", "{9801742D-07DC-4619-8E6B-6D2C7FC451C2}"
EndProject
Project("{9A19103F-16F7-4668-BE54-9A1E7A4F7556}") = "DemoMVC", "DemoMVC\DemoMVC.csproj", "{4133D435-377E-418B-A3AD-173B64C4869A}"
EndProject
Project("{9A19103F-16F7-4668-BE54-9A1E7A4F7556}") = "DemoRazorPages", "DemoRazorPages\DemoRazorPages.csproj", "{7FE4BF6F-154A-4EFD-9B82-6EFE31812A1A}"
EndProject
Project("{9A19103F-16F7-4668-BE54-9A1E7A4F7556}") = "DemoWebAPI", "DemoWebAPI\DemoWebAPI.csproj", "{D21223CE-C298-4766-92C5-50261A97AB6C}"
EndProject
Project("{9A19103F-16F7-4668-BE54-9A1E7A4F7556}") = "AppTestOne", "FirstApplication\AppTestOne.csproj", "{8CFA2B9C-CED5-4AAD-943D-E74D16FB0A3F}"
EndProject
Project("{9A19103F-16F7-4668-BE54-9A1E7A4F7556}") = "ToDoGrpc", "ToDoGrpc\ToDoGrpc.csproj", "{074B1E31-CBDC-401D-B8DD-B81EEB35C5C8}"
EndProject
Project("{2150E333-8FDC-42A3-9474-1A3956D46DE8}") = "DDD", "DDD", "{365BACDF-20C7-42CB-9D89-EE655EBFB143}"
EndProject
Project("{2150E333-8FDC-42A3-9474-1A3956D46DE8}") = "BasicStoreDDD", "BasicStoreDDD", "{FE2F5891-0B8C-49E2-B376-F853117B6E8A}"
EndProject
Project("{2150E333-8FDC-42A3-9474-1A3956D46DE8}") = "artifacts", "artifacts", "{857E3562-510A-4A2A-8B98-9B7825C00B67}"
	ProjectSection(SolutionItems) = preProject
		..\..\..\Pictures\Screenshots\ContextMap.png = ..\..\..\Pictures\Screenshots\ContextMap.png
	EndProjectSection
EndProject
Project("{9A19103F-16F7-4668-BE54-9A1E7A4F7556}") = "MinAPI", "MinAPI\MinAPI.csproj", "{657F1863-CF29-4034-AA45-CFE36037B561}"
EndProject
Project("{2150E333-8FDC-42A3-9474-1A3956D46DE8}") = "WebApiBasic", "WebApiBasic", "{3F53994B-3766-48A7-ADB9-C1A03C422862}"
EndProject
Project("{9A19103F-16F7-4668-BE54-9A1E7A4F7556}") = "DevIO.Api", "WebAPIBasic\DevIO.Api\DevIO.Api.csproj", "{E040C4AB-BFC4-4C1F-B6C8-E83E6C9D4B5F}"
EndProject
Project("{9A19103F-16F7-4668-BE54-9A1E7A4F7556}") = "DevIO.Business", "WebAPIBasic\DevIO.Business\DevIO.Business.csproj", "{8065D2F3-BAD6-4758-961E-41B295DB4225}"
EndProject
Project("{9A19103F-16F7-4668-BE54-9A1E7A4F7556}") = "DevIO.Data", "WebAPIBasic\DevIO.Data\DevIO.Data.csproj", "{10F813A5-9C97-4DA9-8392-066CBA1BF2F7}"
EndProject
Global
	GlobalSection(SolutionConfigurationPlatforms) = preSolution
		Debug|Any CPU = Debug|Any CPU
		Release|Any CPU = Release|Any CPU
	EndGlobalSection
	GlobalSection(ProjectConfigurationPlatforms) = postSolution
		{31D2B1CA-1FEA-4788-95AF-935DDAB7BEE8}.Debug|Any CPU.ActiveCfg = Debug|Any CPU
		{31D2B1CA-1FEA-4788-95AF-935DDAB7BEE8}.Debug|Any CPU.Build.0 = Debug|Any CPU
		{31D2B1CA-1FEA-4788-95AF-935DDAB7BEE8}.Release|Any CPU.ActiveCfg = Release|Any CPU
		{31D2B1CA-1FEA-4788-95AF-935DDAB7BEE8}.Release|Any CPU.Build.0 = Release|Any CPU
		{419AE5D5-1E76-47F0-AB3D-D2CA7F5CD4F1}.Debug|Any CPU.ActiveCfg = Debug|Any CPU
		{419AE5D5-1E76-47F0-AB3D-D2CA7F5CD4F1}.Debug|Any CPU.Build.0 = Debug|Any CPU
		{419AE5D5-1E76-47F0-AB3D-D2CA7F5CD4F1}.Release|Any CPU.ActiveCfg = Release|Any CPU
		{419AE5D5-1E76-47F0-AB3D-D2CA7F5CD4F1}.Release|Any CPU.Build.0 = Release|Any CPU
		{AE7BBA1A-7C13-46E0-9B1D-267F1BD23F26}.Debug|Any CPU.ActiveCfg = Debug|Any CPU
		{AE7BBA1A-7C13-46E0-9B1D-267F1BD23F26}.Debug|Any CPU.Build.0 = Debug|Any CPU
		{AE7BBA1A-7C13-46E0-9B1D-267F1BD23F26}.Release|Any CPU.ActiveCfg = Release|Any CPU
		{AE7BBA1A-7C13-46E0-9B1D-267F1BD23F26}.Release|Any CPU.Build.0 = Release|Any CPU
		{199DA9D9-5181-4D82-AF3B-107155E6A4B3}.Debug|Any CPU.ActiveCfg = Debug|Any CPU
		{199DA9D9-5181-4D82-AF3B-107155E6A4B3}.Debug|Any CPU.Build.0 = Debug|Any CPU
		{199DA9D9-5181-4D82-AF3B-107155E6A4B3}.Release|Any CPU.ActiveCfg = Release|Any CPU
		{199DA9D9-5181-4D82-AF3B-107155E6A4B3}.Release|Any CPU.Build.0 = Release|Any CPU
		{9801742D-07DC-4619-8E6B-6D2C7FC451C2}.Debug|Any CPU.ActiveCfg = Debug|Any CPU
		{9801742D-07DC-4619-8E6B-6D2C7FC451C2}.Debug|Any CPU.Build.0 = Debug|Any CPU
		{9801742D-07DC-4619-8E6B-6D2C7FC451C2}.Release|Any CPU.ActiveCfg = Release|Any CPU
		{9801742D-07DC-4619-8E6B-6D2C7FC451C2}.Release|Any CPU.Build.0 = Release|Any CPU
		{4133D435-377E-418B-A3AD-173B64C4869A}.Debug|Any CPU.ActiveCfg = Debug|Any CPU
		{4133D435-377E-418B-A3AD-173B64C4869A}.Debug|Any CPU.Build.0 = Debug|Any CPU
		{4133D435-377E-418B-A3AD-173B64C4869A}.Release|Any CPU.ActiveCfg = Release|Any CPU
		{4133D435-377E-418B-A3AD-173B64C4869A}.Release|Any CPU.Build.0 = Release|Any CPU
		{7FE4BF6F-154A-4EFD-9B82-6EFE31812A1A}.Debug|Any CPU.ActiveCfg = Debug|Any CPU
		{7FE4BF6F-154A-4EFD-9B82-6EFE31812A1A}.Debug|Any CPU.Build.0 = Debug|Any CPU
		{7FE4BF6F-154A-4EFD-9B82-6EFE31812A1A}.Release|Any CPU.ActiveCfg = Release|Any CPU
		{7FE4BF6F-154A-4EFD-9B82-6EFE31812A1A}.Release|Any CPU.Build.0 = Release|Any CPU
		{D21223CE-C298-4766-92C5-50261A97AB6C}.Debug|Any CPU.ActiveCfg = Debug|Any CPU
		{D21223CE-C298-4766-92C5-50261A97AB6C}.Debug|Any CPU.Build.0 = Debug|Any CPU
		{D21223CE-C298-4766-92C5-50261A97AB6C}.Release|Any CPU.ActiveCfg = Release|Any CPU
		{D21223CE-C298-4766-92C5-50261A97AB6C}.Release|Any CPU.Build.0 = Release|Any CPU
		{8CFA2B9C-CED5-4AAD-943D-E74D16FB0A3F}.Debug|Any CPU.ActiveCfg = Debug|Any CPU
		{8CFA2B9C-CED5-4AAD-943D-E74D16FB0A3F}.Debug|Any CPU.Build.0 = Debug|Any CPU
		{8CFA2B9C-CED5-4AAD-943D-E74D16FB0A3F}.Release|Any CPU.ActiveCfg = Release|Any CPU
		{8CFA2B9C-CED5-4AAD-943D-E74D16FB0A3F}.Release|Any CPU.Build.0 = Release|Any CPU
		{074B1E31-CBDC-401D-B8DD-B81EEB35C5C8}.Debug|Any CPU.ActiveCfg = Debug|Any CPU
		{074B1E31-CBDC-401D-B8DD-B81EEB35C5C8}.Debug|Any CPU.Build.0 = Debug|Any CPU
		{074B1E31-CBDC-401D-B8DD-B81EEB35C5C8}.Release|Any CPU.ActiveCfg = Release|Any CPU
		{074B1E31-CBDC-401D-B8DD-B81EEB35C5C8}.Release|Any CPU.Build.0 = Release|Any CPU
		{657F1863-CF29-4034-AA45-CFE36037B561}.Debug|Any CPU.ActiveCfg = Debug|Any CPU
		{657F1863-CF29-4034-AA45-CFE36037B561}.Debug|Any CPU.Build.0 = Debug|Any CPU
		{657F1863-CF29-4034-AA45-CFE36037B561}.Release|Any CPU.ActiveCfg = Release|Any CPU
		{657F1863-CF29-4034-AA45-CFE36037B561}.Release|Any CPU.Build.0 = Release|Any CPU
		{E040C4AB-BFC4-4C1F-B6C8-E83E6C9D4B5F}.Debug|Any CPU.ActiveCfg = Debug|Any CPU
		{E040C4AB-BFC4-4C1F-B6C8-E83E6C9D4B5F}.Debug|Any CPU.Build.0 = Debug|Any CPU
		{E040C4AB-BFC4-4C1F-B6C8-E83E6C9D4B5F}.Release|Any CPU.ActiveCfg = Release|Any CPU
		{E040C4AB-BFC4-4C1F-B6C8-E83E6C9D4B5F}.Release|Any CPU.Build.0 = Release|Any CPU
		{8065D2F3-BAD6-4758-961E-41B295DB4225}.Debug|Any CPU.ActiveCfg = Debug|Any CPU
		{8065D2F3-BAD6-4758-961E-41B295DB4225}.Debug|Any CPU.Build.0 = Debug|Any CPU
		{8065D2F3-BAD6-4758-961E-41B295DB4225}.Release|Any CPU.ActiveCfg = Release|Any CPU
		{8065D2F3-BAD6-4758-961E-41B295DB4225}.Release|Any CPU.Build.0 = Release|Any CPU
		{10F813A5-9C97-4DA9-8392-066CBA1BF2F7}.Debug|Any CPU.ActiveCfg = Debug|Any CPU
		{10F813A5-9C97-4DA9-8392-066CBA1BF2F7}.Debug|Any CPU.Build.0 = Debug|Any CPU
		{10F813A5-9C97-4DA9-8392-066CBA1BF2F7}.Release|Any CPU.ActiveCfg = Release|Any CPU
		{10F813A5-9C97-4DA9-8392-066CBA1BF2F7}.Release|Any CPU.Build.0 = Release|Any CPU
	EndGlobalSection
	GlobalSection(SolutionProperties) = preSolution
		HideSolutionNode = FALSE
	EndGlobalSection
	GlobalSection(NestedProjects) = preSolution
		{419AE5D5-1E76-47F0-AB3D-D2CA7F5CD4F1} = {D6B50AEC-9ECE-4CC3-8726-644B2394A17B}
		{AE7BBA1A-7C13-46E0-9B1D-267F1BD23F26} = {D6B50AEC-9ECE-4CC3-8726-644B2394A17B}
		{199DA9D9-5181-4D82-AF3B-107155E6A4B3} = {D6B50AEC-9ECE-4CC3-8726-644B2394A17B}
		{FE2F5891-0B8C-49E2-B376-F853117B6E8A} = {365BACDF-20C7-42CB-9D89-EE655EBFB143}
		{857E3562-510A-4A2A-8B98-9B7825C00B67} = {FE2F5891-0B8C-49E2-B376-F853117B6E8A}
		{E040C4AB-BFC4-4C1F-B6C8-E83E6C9D4B5F} = {3F53994B-3766-48A7-ADB9-C1A03C422862}
		{8065D2F3-BAD6-4758-961E-41B295DB4225} = {3F53994B-3766-48A7-ADB9-C1A03C422862}
		{10F813A5-9C97-4DA9-8392-066CBA1BF2F7} = {3F53994B-3766-48A7-ADB9-C1A03C422862}
	EndGlobalSection
	GlobalSection(ExtensibilityGlobals) = postSolution
		SolutionGuid = {0A70AABB-6E9F-4904-8C38-B09CD59FACF8}
	EndGlobalSection
EndGlobal
