
Microsoft Visual Studio Solution File, Format Version 12.00
# Visual Studio Version 17
VisualStudioVersion = 17.4.33122.133
MinimumVisualStudioVersion = 10.0.40219.1
Project("{FAE04EC0-301F-11D3-BF4B-00C04F79EFBC}") = "AppTestOne", "AppTestOne.csproj", "{98548D48-FCAF-4DB5-A9AF-6A4BF2517177}"
EndProject
Global
	GlobalSection(SolutionConfigurationPlatforms) = preSolution
		Debug|Any CPU = Debug|Any CPU
		Release|Any CPU = Release|Any CPU
	EndGlobalSection
	GlobalSection(ProjectConfigurationPlatforms) = postSolution
		{98548D48-FCAF-4DB5-A9AF-6A4BF2517177}.Debug|Any CPU.ActiveCfg = Debug|Any CPU
		{98548D48-FCAF-4DB5-A9AF-6A4BF2517177}.Debug|Any CPU.Build.0 = Debug|Any CPU
		{98548D48-FCAF-4DB5-A9AF-6A4BF2517177}.Release|Any CPU.ActiveCfg = Release|Any CPU
		{98548D48-FCAF-4DB5-A9AF-6A4BF2517177}.Release|Any CPU.Build.0 = Release|Any CPU
	EndGlobalSection
	GlobalSection(SolutionProperties) = preSolution
		HideSolutionNode = FALSE
	EndGlobalSection
	GlobalSection(ExtensibilityGlobals) = postSolution
		SolutionGuid = {C925342D-D734-41AD-B325-45C9777F08A6}
	EndGlobalSection
EndGlobal
