
Microsoft Visual Studio Solution File, Format Version 12.00
# Visual Studio Version 17
VisualStudioVersion = 17.4.33122.133
MinimumVisualStudioVersion = 10.0.40219.1
Project("{FAE04EC0-301F-11D3-BF4B-00C04F79EFBC}") = "DemoMinimalAPI", "DemoMinimalAPI.csproj", "{1135E2DF-6833-4F0D-A440-1389B621B94D}"
EndProject
Global
	GlobalSection(SolutionConfigurationPlatforms) = preSolution
		Debug|Any CPU = Debug|Any CPU
		Release|Any CPU = Release|Any CPU
	EndGlobalSection
	GlobalSection(ProjectConfigurationPlatforms) = postSolution
		{1135E2DF-6833-4F0D-A440-1389B621B94D}.Debug|Any CPU.ActiveCfg = Debug|Any CPU
		{1135E2DF-6833-4F0D-A440-1389B621B94D}.Debug|Any CPU.Build.0 = Debug|Any CPU
		{1135E2DF-6833-4F0D-A440-1389B621B94D}.Release|Any CPU.ActiveCfg = Release|Any CPU
		{1135E2DF-6833-4F0D-A440-1389B621B94D}.Release|Any CPU.Build.0 = Release|Any CPU
	EndGlobalSection
	GlobalSection(SolutionProperties) = preSolution
		HideSolutionNode = FALSE
	EndGlobalSection
	GlobalSection(ExtensibilityGlobals) = postSolution
		SolutionGuid = {4417BFB2-2157-46C7-8EC6-689B6680D843}
	EndGlobalSection
EndGlobal
