
Microsoft Visual Studio Solution File, Format Version 12.00
# Visual Studio Version 17
VisualStudioVersion = 17.5.002.0
MinimumVisualStudioVersion = 10.0.40219.1
Project("{9A19103F-16F7-4668-BE54-9A1E7A4F7556}") = "InvoiceApp.UnitTests", "InvoiceApp.UnitTests.csproj", "{2B98E46E-BD70-4080-ABE2-56A37FA4FC9A}"
EndProject
Global
	GlobalSection(SolutionConfigurationPlatforms) = preSolution
		Debug|Any CPU = Debug|Any CPU
		Release|Any CPU = Release|Any CPU
	EndGlobalSection
	GlobalSection(ProjectConfigurationPlatforms) = postSolution
		{2B98E46E-BD70-4080-ABE2-56A37FA4FC9A}.Debug|Any CPU.ActiveCfg = Debug|Any CPU
		{2B98E46E-BD70-4080-ABE2-56A37FA4FC9A}.Debug|Any CPU.Build.0 = Debug|Any CPU
		{2B98E46E-BD70-4080-ABE2-56A37FA4FC9A}.Release|Any CPU.ActiveCfg = Release|Any CPU
		{2B98E46E-BD70-4080-ABE2-56A37FA4FC9A}.Release|Any CPU.Build.0 = Release|Any CPU
	EndGlobalSection
	GlobalSection(SolutionProperties) = preSolution
		HideSolutionNode = FALSE
	EndGlobalSection
	GlobalSection(ExtensibilityGlobals) = postSolution
		SolutionGuid = {218EE6D6-26BF-41A3-B630-A9457FB406A2}
	EndGlobalSection
EndGlobal
